lockfileVersion: 5.4

specifiers:
  '@prisma/client': ^4.8.0

dependencies:
  '@prisma/client': 4.8.0

packages:

  /@prisma/client/4.8.0:
    resolution: {integrity: sha512-Y1riB0p2W52kh3zgssP/YAhln3RjBFcJy3uwEiyjmU+TQYh6QTZDRFBo3JtBWuq2FyMOl1Rye8jxzUP+n0l5Cg==}
    engines: {node: '>=14.17'}
    requiresBuild: true
    peerDependencies:
      prisma: '*'
    peerDependenciesMeta:
      prisma:
        optional: true
    dependencies:
      '@prisma/engines-version': 4.8.0-61.d6e67a83f971b175a593ccc12e15c4a757f93ffe
    dev: false

  /@prisma/engines-version/4.8.0-61.d6e67a83f971b175a593ccc12e15c4a757f93ffe:
    resolution: {integrity: sha512-MHSOSexomRMom8QN4t7bu87wPPD+pa+hW9+71JnVcF3DqyyO/ycCLhRL1we3EojRpZxKvuyGho2REQsMCvxcJw==}
    dev: false
